// !$*UTF8*$!
{
	archiveVersion = 1;
	classes = {
	};
	objectVersion = 56;
	objects = {

/* Begin PBXBuildFile section */
		5B2327332B9C2139003631AC /* CookcademyApp.swift in Sources */ = {isa = PBXBuildFile; fileRef = 5B2327322B9C2139003631AC /* CookcademyApp.swift */; };
		5B2327352B9C2139003631AC /* RecipesListView.swift in Sources */ = {isa = PBXBuildFile; fileRef = 5B2327342B9C2139003631AC /* RecipesListView.swift */; };
		5B2327372B9C213C003631AC /* Assets.xcassets in Resources */ = {isa = PBXBuildFile; fileRef = 5B2327362B9C213C003631AC /* Assets.xcassets */; };
		5B23273A2B9C213C003631AC /* Preview Assets.xcassets in Resources */ = {isa = PBXBuildFile; fileRef = 5B2327392B9C213C003631AC /* Preview Assets.xcassets */; };
		5B2327412B9C21DE003631AC /* Recipe.swift in Sources */ = {isa = PBXBuildFile; fileRef = 5B2327402B9C21DE003631AC /* Recipe.swift */; };
		5B2327602B9ED786003631AC /* RecipeData.swift in Sources */ = {isa = PBXBuildFile; fileRef = 5B23275F2B9ED786003631AC /* RecipeData.swift */; };
		5B2327622B9EF119003631AC /* RecipeDetailView.swift in Sources */ = {isa = PBXBuildFile; fileRef = 5B2327612B9EF119003631AC /* RecipeDetailView.swift */; };
		5B2327642B9EFBF3003631AC /* AppColor.swift in Sources */ = {isa = PBXBuildFile; fileRef = 5B2327632B9EFBF3003631AC /* AppColor.swift */; };
		5B2327802B9F100F003631AC /* RecipeCategoryGridView.swift in Sources */ = {isa = PBXBuildFile; fileRef = 5B23277F2B9F100F003631AC /* RecipeCategoryGridView.swift */; };
		5B60905B2BAC1C1500196FD4 /* ModifyMainInformationView.swift in Sources */ = {isa = PBXBuildFile; fileRef = 5B60905A2BAC1C1500196FD4 /* ModifyMainInformationView.swift */; };
		5B60905D2BAD005A00196FD4 /* ModifyIngredientView.swift in Sources */ = {isa = PBXBuildFile; fileRef = 5B60905C2BAD005A00196FD4 /* ModifyIngredientView.swift */; };
		5B60905F2BAD570D00196FD4 /* ModifyIngredientsView.swift in Sources */ = {isa = PBXBuildFile; fileRef = 5B60905E2BAD570D00196FD4 /* ModifyIngredientsView.swift */; };
		5BF395D12BA1230A0009995C /* ModifyRecipeView.swift in Sources */ = {isa = PBXBuildFile; fileRef = 5BF395D02BA1230A0009995C /* ModifyRecipeView.swift */; };
/* End PBXBuildFile section */

/* Begin PBXFileReference section */
		5B23272F2B9C2139003631AC /* Cookcademy.app */ = {isa = PBXFileReference; explicitFileType = wrapper.application; includeInIndex = 0; path = Cookcademy.app; sourceTree = BUILT_PRODUCTS_DIR; };
		5B2327322B9C2139003631AC /* CookcademyApp.swift */ = {isa = PBXFileReference; lastKnownFileType = sourcecode.swift; path = CookcademyApp.swift; sourceTree = "<group>"; };
		5B2327342B9C2139003631AC /* RecipesListView.swift */ = {isa = PBXFileReference; lastKnownFileType = sourcecode.swift; path = RecipesListView.swift; sourceTree = "<group>"; };
		5B2327362B9C213C003631AC /* Assets.xcassets */ = {isa = PBXFileReference; lastKnownFileType = folder.assetcatalog; path = Assets.xcassets; sourceTree = "<group>"; };
		5B2327392B9C213C003631AC /* Preview Assets.xcassets */ = {isa = PBXFileReference; lastKnownFileType = folder.assetcatalog; path = "Preview Assets.xcassets"; sourceTree = "<group>"; };
		5B2327402B9C21DE003631AC /* Recipe.swift */ = {isa = PBXFileReference; lastKnownFileType = sourcecode.swift; path = Recipe.swift; sourceTree = "<group>"; };
		5B23275F2B9ED786003631AC /* RecipeData.swift */ = {isa = PBXFileReference; lastKnownFileType = sourcecode.swift; path = RecipeData.swift; sourceTree = "<group>"; };
		5B2327612B9EF119003631AC /* RecipeDetailView.swift */ = {isa = PBXFileReference; lastKnownFileType = sourcecode.swift; path = RecipeDetailView.swift; sourceTree = "<group>"; };
		5B2327632B9EFBF3003631AC /* AppColor.swift */ = {isa = PBXFileReference; lastKnownFileType = sourcecode.swift; path = AppColor.swift; sourceTree = "<group>"; };
		5B23277F2B9F100F003631AC /* RecipeCategoryGridView.swift */ = {isa = PBXFileReference; lastKnownFileType = sourcecode.swift; path = RecipeCategoryGridView.swift; sourceTree = "<group>"; };
		5B60905A2BAC1C1500196FD4 /* ModifyMainInformationView.swift */ = {isa = PBXFileReference; lastKnownFileType = sourcecode.swift; path = ModifyMainInformationView.swift; sourceTree = "<group>"; };
		5B60905C2BAD005A00196FD4 /* ModifyIngredientView.swift */ = {isa = PBXFileReference; lastKnownFileType = sourcecode.swift; path = ModifyIngredientView.swift; sourceTree = "<group>"; };
		5B60905E2BAD570D00196FD4 /* ModifyIngredientsView.swift */ = {isa = PBXFileReference; lastKnownFileType = sourcecode.swift; path = ModifyIngredientsView.swift; sourceTree = "<group>"; };
		5BF395D02BA1230A0009995C /* ModifyRecipeView.swift */ = {isa = PBXFileReference; lastKnownFileType = sourcecode.swift; path = ModifyRecipeView.swift; sourceTree = "<group>"; };
/* End PBXFileReference section */

/* Begin PBXFrameworksBuildPhase section */
		5B23272C2B9C2139003631AC /* Frameworks */ = {
			isa = PBXFrameworksBuildPhase;
			buildActionMask = 2147483647;
			files = (
			);
			runOnlyForDeploymentPostprocessing = 0;
		};
/* End PBXFrameworksBuildPhase section */

/* Begin PBXGroup section */
		5B2327262B9C2139003631AC = {
			isa = PBXGroup;
			children = (
				5B2327312B9C2139003631AC /* Cookcademy */,
				5B2327302B9C2139003631AC /* Products */,
			);
			sourceTree = "<group>";
		};
		5B2327302B9C2139003631AC /* Products */ = {
			isa = PBXGroup;
			children = (
				5B23272F2B9C2139003631AC /* Cookcademy.app */,
			);
			name = Products;
			sourceTree = "<group>";
		};
		5B2327312B9C2139003631AC /* Cookcademy */ = {
			isa = PBXGroup;
			children = (
				5B23275D2B9ED2FA003631AC /* ViewModels */,
				5B23275C2B9ED2EC003631AC /* Views */,
				5B2327322B9C2139003631AC /* CookcademyApp.swift */,
				5B23275E2B9ED378003631AC /* Models */,
				5B2327362B9C213C003631AC /* Assets.xcassets */,
				5B2327382B9C213C003631AC /* Preview Content */,
			);
			path = Cookcademy;
			sourceTree = "<group>";
		};
		5B2327382B9C213C003631AC /* Preview Content */ = {
			isa = PBXGroup;
			children = (
				5B2327392B9C213C003631AC /* Preview Assets.xcassets */,
			);
			path = "Preview Content";
			sourceTree = "<group>";
		};
		5B23275C2B9ED2EC003631AC /* Views */ = {
			isa = PBXGroup;
			children = (
				5BF395CF2BA122620009995C /* ModifyRecipes */,
				5BF395CE2BA122360009995C /* ExploreRecipes */,
			);
			path = Views;
			sourceTree = "<group>";
		};
		5B23275D2B9ED2FA003631AC /* ViewModels */ = {
			isa = PBXGroup;
			children = (
				5B23275F2B9ED786003631AC /* RecipeData.swift */,
				5B2327632B9EFBF3003631AC /* AppColor.swift */,
			);
			path = ViewModels;
			sourceTree = "<group>";
		};
		5B23275E2B9ED378003631AC /* Models */ = {
			isa = PBXGroup;
			children = (
				5B2327402B9C21DE003631AC /* Recipe.swift */,
			);
			path = Models;
			sourceTree = "<group>";
		};
		5BF395CE2BA122360009995C /* ExploreRecipes */ = {
			isa = PBXGroup;
			children = (
				5B2327342B9C2139003631AC /* RecipesListView.swift */,
				5B2327612B9EF119003631AC /* RecipeDetailView.swift */,
				5B23277F2B9F100F003631AC /* RecipeCategoryGridView.swift */,
			);
			path = ExploreRecipes;
			sourceTree = "<group>";
		};
		5BF395CF2BA122620009995C /* ModifyRecipes */ = {
			isa = PBXGroup;
			children = (
				5BF395D02BA1230A0009995C /* ModifyRecipeView.swift */,
				5B60905A2BAC1C1500196FD4 /* ModifyMainInformationView.swift */,
				5B60905C2BAD005A00196FD4 /* ModifyIngredientView.swift */,
				5B60905E2BAD570D00196FD4 /* ModifyIngredientsView.swift */,
			);
			path = ModifyRecipes;
			sourceTree = "<group>";
		};
/* End PBXGroup section */

/* Begin PBXNativeTarget section */
		5B23272E2B9C2139003631AC /* Cookcademy */ = {
			isa = PBXNativeTarget;
			buildConfigurationList = 5B23273D2B9C213C003631AC /* Build configuration list for PBXNativeTarget "Cookcademy" */;
			buildPhases = (
				5B23272B2B9C2139003631AC /* Sources */,
				5B23272C2B9C2139003631AC /* Frameworks */,
				5B23272D2B9C2139003631AC /* Resources */,
			);
			buildRules = (
			);
			dependencies = (
			);
			name = Cookcademy;
			productName = Cookcademy;
			productReference = 5B23272F2B9C2139003631AC /* Cookcademy.app */;
			productType = "com.apple.product-type.application";
		};
/* End PBXNativeTarget section */

/* Begin PBXProject section */
		5B2327272B9C2139003631AC /* Project object */ = {
			isa = PBXProject;
			attributes = {
				BuildIndependentTargetsInParallel = 1;
				LastSwiftUpdateCheck = 1520;
				LastUpgradeCheck = 1520;
				TargetAttributes = {
					5B23272E2B9C2139003631AC = {
						CreatedOnToolsVersion = 15.2;
					};
				};
			};
			buildConfigurationList = 5B23272A2B9C2139003631AC /* Build configuration list for PBXProject "Cookcademy" */;
			compatibilityVersion = "Xcode 14.0";
			developmentRegion = en;
			hasScannedForEncodings = 0;
			knownRegions = (
				en,
				Base,
			);
			mainGroup = 5B2327262B9C2139003631AC;
			productRefGroup = 5B2327302B9C2139003631AC /* Products */;
			projectDirPath = "";
			projectRoot = "";
			targets = (
				5B23272E2B9C2139003631AC /* Cookcademy */,
			);
		};
/* End PBXProject section */

/* Begin PBXResourcesBuildPhase section */
		5B23272D2B9C2139003631AC /* Resources */ = {
			isa = PBXResourcesBuildPhase;
			buildActionMask = 2147483647;
			files = (
				5B23273A2B9C213C003631AC /* Preview Assets.xcassets in Resources */,
				5B2327372B9C213C003631AC /* Assets.xcassets in Resources */,
			);
			runOnlyForDeploymentPostprocessing = 0;
		};
/* End PBXResourcesBuildPhase section */

/* Begin PBXSourcesBuildPhase section */
		5B23272B2B9C2139003631AC /* Sources */ = {
			isa = PBXSourcesBuildPhase;
			buildActionMask = 2147483647;
			files = (
				5B2327412B9C21DE003631AC /* Recipe.swift in Sources */,
				5B2327622B9EF119003631AC /* RecipeDetailView.swift in Sources */,
				5B2327802B9F100F003631AC /* RecipeCategoryGridView.swift in Sources */,
				5B2327602B9ED786003631AC /* RecipeData.swift in Sources */,
				5BF395D12BA1230A0009995C /* ModifyRecipeView.swift in Sources */,
				5B60905F2BAD570D00196FD4 /* ModifyIngredientsView.swift in Sources */,
				5B2327352B9C2139003631AC /* RecipesListView.swift in Sources */,
				5B2327332B9C2139003631AC /* CookcademyApp.swift in Sources */,
				5B60905B2BAC1C1500196FD4 /* ModifyMainInformationView.swift in Sources */,
				5B2327642B9EFBF3003631AC /* AppColor.swift in Sources */,
				5B60905D2BAD005A00196FD4 /* ModifyIngredientView.swift in Sources */,
			);
			runOnlyForDeploymentPostprocessing = 0;
		};
/* End PBXSourcesBuildPhase section */

/* Begin XCBuildConfiguration section */
		5B23273B2B9C213C003631AC /* Debug */ = {
			isa = XCBuildConfiguration;
			buildSettings = {
				ALWAYS_SEARCH_USER_PATHS = NO;
				ASSETCATALOG_COMPILER_GENERATE_SWIFT_ASSET_SYMBOL_EXTENSIONS = YES;
				CLANG_ANALYZER_NONNULL = YES;
				CLANG_ANALYZER_NUMBER_OBJECT_CONVERSION = YES_AGGRESSIVE;
				CLANG_CXX_LANGUAGE_STANDARD = "gnu++20";
				CLANG_ENABLE_MODULES = YES;
				CLANG_ENABLE_OBJC_ARC = YES;
				CLANG_ENABLE_OBJC_WEAK = YES;
				CLANG_WARN_BLOCK_CAPTURE_AUTORELEASING = YES;
				CLANG_WARN_BOOL_CONVERSION = YES;
				CLANG_WARN_COMMA = YES;
				CLANG_WARN_CONSTANT_CONVERSION = YES;
				CLANG_WARN_DEPRECATED_OBJC_IMPLEMENTATIONS = YES;
				CLANG_WARN_DIRECT_OBJC_ISA_USAGE = YES_ERROR;
				CLANG_WARN_DOCUMENTATION_COMMENTS = YES;
				CLANG_WARN_EMPTY_BODY = YES;
				CLANG_WARN_ENUM_CONVERSION = YES;
				CLANG_WARN_INFINITE_RECURSION = YES;
				CLANG_WARN_INT_CONVERSION = YES;
				CLANG_WARN_NON_LITERAL_NULL_CONVERSION = YES;
				CLANG_WARN_OBJC_IMPLICIT_RETAIN_SELF = YES;
				CLANG_WARN_OBJC_LITERAL_CONVERSION = YES;
				CLANG_WARN_OBJC_ROOT_CLASS = YES_ERROR;
				CLANG_WARN_QUOTED_INCLUDE_IN_FRAMEWORK_HEADER = YES;
				CLANG_WARN_RANGE_LOOP_ANALYSIS = YES;
				CLANG_WARN_STRICT_PROTOTYPES = YES;
				CLANG_WARN_SUSPICIOUS_MOVE = YES;
				CLANG_WARN_UNGUARDED_AVAILABILITY = YES_AGGRESSIVE;
				CLANG_WARN_UNREACHABLE_CODE = YES;
				CLANG_WARN__DUPLICATE_METHOD_MATCH = YES;
				COPY_PHASE_STRIP = NO;
				DEBUG_INFORMATION_FORMAT = dwarf;
				ENABLE_STRICT_OBJC_MSGSEND = YES;
				ENABLE_TESTABILITY = YES;
				ENABLE_USER_SCRIPT_SANDBOXING = YES;
				GCC_C_LANGUAGE_STANDARD = gnu17;
				GCC_DYNAMIC_NO_PIC = NO;
				GCC_NO_COMMON_BLOCKS = YES;
				GCC_OPTIMIZATION_LEVEL = 0;
				GCC_PREPROCESSOR_DEFINITIONS = (
					"DEBUG=1",
					"$(inherited)",
				);
				GCC_WARN_64_TO_32_BIT_CONVERSION = YES;
				GCC_WARN_ABOUT_RETURN_TYPE = YES_ERROR;
				GCC_WARN_UNDECLARED_SELECTOR = YES;
				GCC_WARN_UNINITIALIZED_AUTOS = YES_AGGRESSIVE;
				GCC_WARN_UNUSED_FUNCTION = YES;
				GCC_WARN_UNUSED_VARIABLE = YES;
				IPHONEOS_DEPLOYMENT_TARGET = 17.2;
				LOCALIZATION_PREFERS_STRING_CATALOGS = YES;
				MTL_ENABLE_DEBUG_INFO = INCLUDE_SOURCE;
				MTL_FAST_MATH = YES;
				ONLY_ACTIVE_ARCH = YES;
				SDKROOT = iphoneos;
				SWIFT_ACTIVE_COMPILATION_CONDITIONS = "DEBUG $(inherited)";
				SWIFT_OPTIMIZATION_LEVEL = "-Onone";
			};
			name = Debug;
		};
		5B23273C2B9C213C003631AC /* Release */ = {
			isa = XCBuildConfiguration;
			buildSettings = {
				ALWAYS_SEARCH_USER_PATHS = NO;
				ASSETCATALOG_COMPILER_GENERATE_SWIFT_ASSET_SYMBOL_EXTENSIONS = YES;
				CLANG_ANALYZER_NONNULL = YES;
				CLANG_ANALYZER_NUMBER_OBJECT_CONVERSION = YES_AGGRESSIVE;
				CLANG_CXX_LANGUAGE_STANDARD = "gnu++20";
				CLANG_ENABLE_MODULES = YES;
				CLANG_ENABLE_OBJC_ARC = YES;
				CLANG_ENABLE_OBJC_WEAK = YES;
				CLANG_WARN_BLOCK_CAPTURE_AUTORELEASING = YES;
				CLANG_WARN_BOOL_CONVERSION = YES;
				CLANG_WARN_COMMA = YES;
				CLANG_WARN_CONSTANT_CONVERSION = YES;
				CLANG_WARN_DEPRECATED_OBJC_IMPLEMENTATIONS = YES;
				CLANG_WARN_DIRECT_OBJC_ISA_USAGE = YES_ERROR;
				CLANG_WARN_DOCUMENTATION_COMMENTS = YES;
				CLANG_WARN_EMPTY_BODY = YES;
				CLANG_WARN_ENUM_CONVERSION = YES;
				CLANG_WARN_INFINITE_RECURSION = YES;
				CLANG_WARN_INT_CONVERSION = YES;
				CLANG_WARN_NON_LITERAL_NULL_CONVERSION = YES;
				CLANG_WARN_OBJC_IMPLICIT_RETAIN_SELF = YES;
				CLANG_WARN_OBJC_LITERAL_CONVERSION = YES;
				CLANG_WARN_OBJC_ROOT_CLASS = YES_ERROR;
				CLANG_WARN_QUOTED_INCLUDE_IN_FRAMEWORK_HEADER = YES;
				CLANG_WARN_RANGE_LOOP_ANALYSIS = YES;
				CLANG_WARN_STRICT_PROTOTYPES = YES;
				CLANG_WARN_SUSPICIOUS_MOVE = YES;
				CLANG_WARN_UNGUARDED_AVAILABILITY = YES_AGGRESSIVE;
				CLANG_WARN_UNREACHABLE_CODE = YES;
				CLANG_WARN__DUPLICATE_METHOD_MATCH = YES;
				COPY_PHASE_STRIP = NO;
				DEBUG_INFORMATION_FORMAT = "dwarf-with-dsym";
				ENABLE_NS_ASSERTIONS = NO;
				ENABLE_STRICT_OBJC_MSGSEND = YES;
				ENABLE_USER_SCRIPT_SANDBOXING = YES;
				GCC_C_LANGUAGE_STANDARD = gnu17;
				GCC_NO_COMMON_BLOCKS = YES;
				GCC_WARN_64_TO_32_BIT_CONVERSION = YES;
				GCC_WARN_ABOUT_RETURN_TYPE = YES_ERROR;
				GCC_WARN_UNDECLARED_SELECTOR = YES;
				GCC_WARN_UNINITIALIZED_AUTOS = YES_AGGRESSIVE;
				GCC_WARN_UNUSED_FUNCTION = YES;
				GCC_WARN_UNUSED_VARIABLE = YES;
				IPHONEOS_DEPLOYMENT_TARGET = 17.2;
				LOCALIZATION_PREFERS_STRING_CATALOGS = YES;
				MTL_ENABLE_DEBUG_INFO = NO;
				MTL_FAST_MATH = YES;
				SDKROOT = iphoneos;
				SWIFT_COMPILATION_MODE = wholemodule;
				VALIDATE_PRODUCT = YES;
			};
			name = Release;
		};
		5B23273E2B9C213C003631AC /* Debug */ = {
			isa = XCBuildConfiguration;
			buildSettings = {
				ASSETCATALOG_COMPILER_APPICON_NAME = AppIcon;
				ASSETCATALOG_COMPILER_GLOBAL_ACCENT_COLOR_NAME = AccentColor;
				CODE_SIGN_STYLE = Automatic;
				CURRENT_PROJECT_VERSION = 1;
				DEVELOPMENT_ASSET_PATHS = "\"Cookcademy/Preview Content\"";
				ENABLE_PREVIEWS = YES;
				GENERATE_INFOPLIST_FILE = YES;
				INFOPLIST_KEY_UIApplicationSceneManifest_Generation = YES;
				INFOPLIST_KEY_UIApplicationSupportsIndirectInputEvents = YES;
				INFOPLIST_KEY_UILaunchScreen_Generation = YES;
				INFOPLIST_KEY_UISupportedInterfaceOrientations_iPad = "UIInterfaceOrientationPortrait UIInterfaceOrientationPortraitUpsideDown UIInterfaceOrientationLandscapeLeft UIInterfaceOrientationLandscapeRight";
				INFOPLIST_KEY_UISupportedInterfaceOrientations_iPhone = "UIInterfaceOrientationPortrait UIInterfaceOrientationLandscapeLeft UIInterfaceOrientationLandscapeRight";
				LD_RUNPATH_SEARCH_PATHS = (
					"$(inherited)",
					"@executable_path/Frameworks",
				);
				MARKETING_VERSION = 1.0;
				PRODUCT_BUNDLE_IDENTIFIER = com.rodrigogutierrez.Cookcademy;
				PRODUCT_NAME = "$(TARGET_NAME)";
				SWIFT_EMIT_LOC_STRINGS = YES;
				SWIFT_VERSION = 5.0;
				TARGETED_DEVICE_FAMILY = "1,2";
			};
			name = Debug;
		};
		5B23273F2B9C213C003631AC /* Release */ = {
			isa = XCBuildConfiguration;
			buildSettings = {
				ASSETCATALOG_COMPILER_APPICON_NAME = AppIcon;
				ASSETCATALOG_COMPILER_GLOBAL_ACCENT_COLOR_NAME = AccentColor;
				CODE_SIGN_STYLE = Automatic;
				CURRENT_PROJECT_VERSION = 1;
				DEVELOPMENT_ASSET_PATHS = "\"Cookcademy/Preview Content\"";
				ENABLE_PREVIEWS = YES;
				GENERATE_INFOPLIST_FILE = YES;
				INFOPLIST_KEY_UIApplicationSceneManifest_Generation = YES;
				INFOPLIST_KEY_UIApplicationSupportsIndirectInputEvents = YES;
				INFOPLIST_KEY_UILaunchScreen_Generation = YES;
				INFOPLIST_KEY_UISupportedInterfaceOrientations_iPad = "UIInterfaceOrientationPortrait UIInterfaceOrientationPortraitUpsideDown UIInterfaceOrientationLandscapeLeft UIInterfaceOrientationLandscapeRight";
				INFOPLIST_KEY_UISupportedInterfaceOrientations_iPhone = "UIInterfaceOrientationPortrait UIInterfaceOrientationLandscapeLeft UIInterfaceOrientationLandscapeRight";
				LD_RUNPATH_SEARCH_PATHS = (
					"$(inherited)",
					"@executable_path/Frameworks",
				);
				MARKETING_VERSION = 1.0;
				PRODUCT_BUNDLE_IDENTIFIER = com.rodrigogutierrez.Cookcademy;
				PRODUCT_NAME = "$(TARGET_NAME)";
				SWIFT_EMIT_LOC_STRINGS = YES;
				SWIFT_VERSION = 5.0;
				TARGETED_DEVICE_FAMILY = "1,2";
			};
			name = Release;
		};
/* End XCBuildConfiguration section */

/* Begin XCConfigurationList section */
		5B23272A2B9C2139003631AC /* Build configuration list for PBXProject "Cookcademy" */ = {
			isa = XCConfigurationList;
			buildConfigurations = (
				5B23273B2B9C213C003631AC /* Debug */,
				5B23273C2B9C213C003631AC /* Release */,
			);
			defaultConfigurationIsVisible = 0;
			defaultConfigurationName = Release;
		};
		5B23273D2B9C213C003631AC /* Build configuration list for PBXNativeTarget "Cookcademy" */ = {
			isa = XCConfigurationList;
			buildConfigurations = (
				5B23273E2B9C213C003631AC /* Debug */,
				5B23273F2B9C213C003631AC /* Release */,
			);
			defaultConfigurationIsVisible = 0;
			defaultConfigurationName = Release;
		};
/* End XCConfigurationList section */
	};
	rootObject = 5B2327272B9C2139003631AC /* Project object */;
}
